// !$*UTF8*$!
{
	archiveVersion = 1;
	classes = {
	};
	objectVersion = 55;
	objects = {

/* Begin PBXBuildFile section */
		E408E5B428C24BF6003F8604 /* StepCounterApp.swift in Sources */ = {isa = PBXBuildFile; fileRef = E408E5B328C24BF6003F8604 /* StepCounterApp.swift */; };
		E408E5B628C24BF6003F8604 /* ContentView.swift in Sources */ = {isa = PBXBuildFile; fileRef = E408E5B528C24BF6003F8604 /* ContentView.swift */; };
		E408E5B828C24BF9003F8604 /* Assets.xcassets in Resources */ = {isa = PBXBuildFile; fileRef = E408E5B728C24BF9003F8604 /* Assets.xcassets */; };
		E408E5BB28C24BF9003F8604 /* Preview Assets.xcassets in Resources */ = {isa = PBXBuildFile; fileRef = E408E5BA28C24BF9003F8604 /* Preview Assets.xcassets */; };
		E408E5C528C24BF9003F8604 /* StepCounterTests.swift in Sources */ = {isa = PBXBuildFile; fileRef = E408E5C428C24BF9003F8604 /* StepCounterTests.swift */; };
		E408E5CF28C24BF9003F8604 /* StepCounterUITests.swift in Sources */ = {isa = PBXBuildFile; fileRef = E408E5CE28C24BF9003F8604 /* StepCounterUITests.swift */; };
		E408E5D128C24BF9003F8604 /* StepCounterUITestsLaunchTests.swift in Sources */ = {isa = PBXBuildFile; fileRef = E408E5D028C24BF9003F8604 /* StepCounterUITestsLaunchTests.swift */; };
		E4D56EF428C24D9000EED9EC /* LabelView.swift in Sources */ = {isa = PBXBuildFile; fileRef = E4D56EF328C24D9000EED9EC /* LabelView.swift */; };
		E4D56EF628C24E7D00EED9EC /* StepButton.swift in Sources */ = {isa = PBXBuildFile; fileRef = E4D56EF528C24E7D00EED9EC /* StepButton.swift */; };
		E4D56EF928C24F8D00EED9EC /* StepCounter.swift in Sources */ = {isa = PBXBuildFile; fileRef = E4D56EF828C24F8D00EED9EC /* StepCounter.swift */; };
/* End PBXBuildFile section */

/* Begin PBXContainerItemProxy section */
		E408E5C128C24BF9003F8604 /* PBXContainerItemProxy */ = {
			isa = PBXContainerItemProxy;
			containerPortal = E408E5A828C24BF6003F8604 /* Project object */;
			proxyType = 1;
			remoteGlobalIDString = E408E5AF28C24BF6003F8604;
			remoteInfo = StepCounter;
		};
		E408E5CB28C24BF9003F8604 /* PBXContainerItemProxy */ = {
			isa = PBXContainerItemProxy;
			containerPortal = E408E5A828C24BF6003F8604 /* Project object */;
			proxyType = 1;
			remoteGlobalIDString = E408E5AF28C24BF6003F8604;
			remoteInfo = StepCounter;
		};
/* End PBXContainerItemProxy section */

/* Begin PBXFileReference section */
		E408E5B028C24BF6003F8604 /* StepCounter.app */ = {isa = PBXFileReference; explicitFileType = wrapper.application; includeInIndex = 0; path = StepCounter.app; sourceTree = BUILT_PRODUCTS_DIR; };
		E408E5B328C24BF6003F8604 /* StepCounterApp.swift */ = {isa = PBXFileReference; lastKnownFileType = sourcecode.swift; path = StepCounterApp.swift; sourceTree = "<group>"; };
		E408E5B528C24BF6003F8604 /* ContentView.swift */ = {isa = PBXFileReference; lastKnownFileType = sourcecode.swift; path = ContentView.swift; sourceTree = "<group>"; };
		E408E5B728C24BF9003F8604 /* Assets.xcassets */ = {isa = PBXFileReference; lastKnownFileType = folder.assetcatalog; path = Assets.xcassets; sourceTree = "<group>"; };
		E408E5BA28C24BF9003F8604 /* Preview Assets.xcassets */ = {isa = PBXFileReference; lastKnownFileType = folder.assetcatalog; path = "Preview Assets.xcassets"; sourceTree = "<group>"; };
		E408E5C028C24BF9003F8604 /* StepCounterTests.xctest */ = {isa = PBXFileReference; explicitFileType = wrapper.cfbundle; includeInIndex = 0; path = StepCounterTests.xctest; sourceTree = BUILT_PRODUCTS_DIR; };
		E408E5C428C24BF9003F8604 /* StepCounterTests.swift */ = {isa = PBXFileReference; lastKnownFileType = sourcecode.swift; path = StepCounterTests.swift; sourceTree = "<group>"; };
		E408E5CA28C24BF9003F8604 /* StepCounterUITests.xctest */ = {isa = PBXFileReference; explicitFileType = wrapper.cfbundle; includeInIndex = 0; path = StepCounterUITests.xctest; sourceTree = BUILT_PRODUCTS_DIR; };
		E408E5CE28C24BF9003F8604 /* StepCounterUITests.swift */ = {isa = PBXFileReference; lastKnownFileType = sourcecode.swift; path = StepCounterUITests.swift; sourceTree = "<group>"; };
		E408E5D028C24BF9003F8604 /* StepCounterUITestsLaunchTests.swift */ = {isa = PBXFileReference; lastKnownFileType = sourcecode.swift; path = StepCounterUITestsLaunchTests.swift; sourceTree = "<group>"; };
		E4D56EF328C24D9000EED9EC /* LabelView.swift */ = {isa = PBXFileReference; lastKnownFileType = sourcecode.swift; path = LabelView.swift; sourceTree = "<group>"; };
		E4D56EF528C24E7D00EED9EC /* StepButton.swift */ = {isa = PBXFileReference; lastKnownFileType = sourcecode.swift; path = StepButton.swift; sourceTree = "<group>"; };
		E4D56EF828C24F8D00EED9EC /* StepCounter.swift */ = {isa = PBXFileReference; lastKnownFileType = sourcecode.swift; path = StepCounter.swift; sourceTree = "<group>"; };
/* End PBXFileReference section */

/* Begin PBXFrameworksBuildPhase section */
		E408E5AD28C24BF6003F8604 /* Frameworks */ = {
			isa = PBXFrameworksBuildPhase;
			buildActionMask = 2147483647;
			files = (
			);
			runOnlyForDeploymentPostprocessing = 0;
		};
		E408E5BD28C24BF9003F8604 /* Frameworks */ = {
			isa = PBXFrameworksBuildPhase;
			buildActionMask = 2147483647;
			files = (
			);
			runOnlyForDeploymentPostprocessing = 0;
		};
		E408E5C728C24BF9003F8604 /* Frameworks */ = {
			isa = PBXFrameworksBuildPhase;
			buildActionMask = 2147483647;
			files = (
			);
			runOnlyForDeploymentPostprocessing = 0;
		};
/* End PBXFrameworksBuildPhase section */

/* Begin PBXGroup section */
		E408E5A728C24BF6003F8604 = {
			isa = PBXGroup;
			children = (
				E408E5B228C24BF6003F8604 /* StepCounter */,
				E408E5C328C24BF9003F8604 /* StepCounterTests */,
				E408E5CD28C24BF9003F8604 /* StepCounterUITests */,
				E408E5B128C24BF6003F8604 /* Products */,
			);
			sourceTree = "<group>";
		};
		E408E5B128C24BF6003F8604 /* Products */ = {
			isa = PBXGroup;
			children = (
				E408E5B028C24BF6003F8604 /* StepCounter.app */,
				E408E5C028C24BF9003F8604 /* StepCounterTests.xctest */,
				E408E5CA28C24BF9003F8604 /* StepCounterUITests.xctest */,
			);
			name = Products;
			sourceTree = "<group>";
		};
		E408E5B228C24BF6003F8604 /* StepCounter */ = {
			isa = PBXGroup;
			children = (
				E4D56EF728C24F2B00EED9EC /* Functionality */,
				E4D56EF228C24D7400EED9EC /* Views */,
				E408E5B328C24BF6003F8604 /* StepCounterApp.swift */,
				E408E5B528C24BF6003F8604 /* ContentView.swift */,
				E408E5B728C24BF9003F8604 /* Assets.xcassets */,
				E408E5B928C24BF9003F8604 /* Preview Content */,
			);
			path = StepCounter;
			sourceTree = "<group>";
		};
		E408E5B928C24BF9003F8604 /* Preview Content */ = {
			isa = PBXGroup;
			children = (
				E408E5BA28C24BF9003F8604 /* Preview Assets.xcassets */,
			);
			path = "Preview Content";
			sourceTree = "<group>";
		};
		E408E5C328C24BF9003F8604 /* StepCounterTests */ = {
			isa = PBXGroup;
			children = (
				E408E5C428C24BF9003F8604 /* StepCounterTests.swift */,
			);
			path = StepCounterTests;
			sourceTree = "<group>";
		};
		E408E5CD28C24BF9003F8604 /* StepCounterUITests */ = {
			isa = PBXGroup;
			children = (
				E408E5CE28C24BF9003F8604 /* StepCounterUITests.swift */,
				E408E5D028C24BF9003F8604 /* StepCounterUITestsLaunchTests.swift */,
			);
			path = StepCounterUITests;
			sourceTree = "<group>";
		};
		E4D56EF228C24D7400EED9EC /* Views */ = {
			isa = PBXGroup;
			children = (
				E4D56EF328C24D9000EED9EC /* LabelView.swift */,
				E4D56EF528C24E7D00EED9EC /* StepButton.swift */,
			);
			path = Views;
			sourceTree = "<group>";
		};
		E4D56EF728C24F2B00EED9EC /* Functionality */ = {
			isa = PBXGroup;
			children = (
				E4D56EF828C24F8D00EED9EC /* StepCounter.swift */,
			);
			path = Functionality;
			sourceTree = "<group>";
		};
/* End PBXGroup section */

/* Begin PBXNativeTarget section */
		E408E5AF28C24BF6003F8604 /* StepCounter */ = {
			isa = PBXNativeTarget;
			buildConfigurationList = E408E5D428C24BF9003F8604 /* Build configuration list for PBXNativeTarget "StepCounter" */;
			buildPhases = (
				E408E5AC28C24BF6003F8604 /* Sources */,
				E408E5AD28C24BF6003F8604 /* Frameworks */,
				E408E5AE28C24BF6003F8604 /* Resources */,
			);
			buildRules = (
			);
			dependencies = (
			);
			name = StepCounter;
			productName = StepCounter;
			productReference = E408E5B028C24BF6003F8604 /* StepCounter.app */;
			productType = "com.apple.product-type.application";
		};
		E408E5BF28C24BF9003F8604 /* StepCounterTests */ = {
			isa = PBXNativeTarget;
			buildConfigurationList = E408E5D728C24BF9003F8604 /* Build configuration list for PBXNativeTarget "StepCounterTests" */;
			buildPhases = (
				E408E5BC28C24BF9003F8604 /* Sources */,
				E408E5BD28C24BF9003F8604 /* Frameworks */,
				E408E5BE28C24BF9003F8604 /* Resources */,
			);
			buildRules = (
			);
			dependencies = (
				E408E5C228C24BF9003F8604 /* PBXTargetDependency */,
			);
			name = StepCounterTests;
			productName = StepCounterTests;
			productReference = E408E5C028C24BF9003F8604 /* StepCounterTests.xctest */;
			productType = "com.apple.product-type.bundle.unit-test";
		};
		E408E5C928C24BF9003F8604 /* StepCounterUITests */ = {
			isa = PBXNativeTarget;
			buildConfigurationList = E408E5DA28C24BF9003F8604 /* Build configuration list for PBXNativeTarget "StepCounterUITests" */;
			buildPhases = (
				E408E5C628C24BF9003F8604 /* Sources */,
				E408E5C728C24BF9003F8604 /* Frameworks */,
				E408E5C828C24BF9003F8604 /* Resources */,
			);
			buildRules = (
			);
			dependencies = (
				E408E5CC28C24BF9003F8604 /* PBXTargetDependency */,
			);
			name = StepCounterUITests;
			productName = StepCounterUITests;
			productReference = E408E5CA28C24BF9003F8604 /* StepCounterUITests.xctest */;
			productType = "com.apple.product-type.bundle.ui-testing";
		};
/* End PBXNativeTarget section */

/* Begin PBXProject section */
		E408E5A828C24BF6003F8604 /* Project object */ = {
			isa = PBXProject;
			attributes = {
				BuildIndependentTargetsInParallel = 1;
				LastSwiftUpdateCheck = 1340;
				LastUpgradeCheck = 1340;
				TargetAttributes = {
					E408E5AF28C24BF6003F8604 = {
						CreatedOnToolsVersion = 13.4.1;
					};
					E408E5BF28C24BF9003F8604 = {
						CreatedOnToolsVersion = 13.4.1;
						TestTargetID = E408E5AF28C24BF6003F8604;
					};
					E408E5C928C24BF9003F8604 = {
						CreatedOnToolsVersion = 13.4.1;
						TestTargetID = E408E5AF28C24BF6003F8604;
					};
				};
			};
			buildConfigurationList = E408E5AB28C24BF6003F8604 /* Build configuration list for PBXProject "StepCounter" */;
			compatibilityVersion = "Xcode 13.0";
			developmentRegion = en;
			hasScannedForEncodings = 0;
			knownRegions = (
				en,
				Base,
			);
			mainGroup = E408E5A728C24BF6003F8604;
			productRefGroup = E408E5B128C24BF6003F8604 /* Products */;
			projectDirPath = "";
			projectRoot = "";
			targets = (
				E408E5AF28C24BF6003F8604 /* StepCounter */,
				E408E5BF28C24BF9003F8604 /* StepCounterTests */,
				E408E5C928C24BF9003F8604 /* StepCounterUITests */,
			);
		};
/* End PBXProject section */

/* Begin PBXResourcesBuildPhase section */
		E408E5AE28C24BF6003F8604 /* Resources */ = {
			isa = PBXResourcesBuildPhase;
			buildActionMask = 2147483647;
			files = (
				E408E5BB28C24BF9003F8604 /* Preview Assets.xcassets in Resources */,
				E408E5B828C24BF9003F8604 /* Assets.xcassets in Resources */,
			);
			runOnlyForDeploymentPostprocessing = 0;
		};
		E408E5BE28C24BF9003F8604 /* Resources */ = {
			isa = PBXResourcesBuildPhase;
			buildActionMask = 2147483647;
			files = (
			);
			runOnlyForDeploymentPostprocessing = 0;
		};
		E408E5C828C24BF9003F8604 /* Resources */ = {
			isa = PBXResourcesBuildPhase;
			buildActionMask = 2147483647;
			files = (
			);
			runOnlyForDeploymentPostprocessing = 0;
		};
/* End PBXResourcesBuildPhase section */

/* Begin PBXSourcesBuildPhase section */
		E408E5AC28C24BF6003F8604 /* Sources */ = {
			isa = PBXSourcesBuildPhase;
			buildActionMask = 2147483647;
			files = (
				E408E5B628C24BF6003F8604 /* ContentView.swift in Sources */,
				E408E5B428C24BF6003F8604 /* StepCounterApp.swift in Sources */,
				E4D56EF428C24D9000EED9EC /* LabelView.swift in Sources */,
				E4D56EF928C24F8D00EED9EC /* StepCounter.swift in Sources */,
				E4D56EF628C24E7D00EED9EC /* StepButton.swift in Sources */,
			);
			runOnlyForDeploymentPostprocessing = 0;
		};
		E408E5BC28C24BF9003F8604 /* Sources */ = {
			isa = PBXSourcesBuildPhase;
			buildActionMask = 2147483647;
			files = (
				E408E5C528C24BF9003F8604 /* StepCounterTests.swift in Sources */,
			);
			runOnlyForDeploymentPostprocessing = 0;
		};
		E408E5C628C24BF9003F8604 /* Sources */ = {
			isa = PBXSourcesBuildPhase;
			buildActionMask = 2147483647;
			files = (
				E408E5CF28C24BF9003F8604 /* StepCounterUITests.swift in Sources */,
				E408E5D128C24BF9003F8604 /* StepCounterUITestsLaunchTests.swift in Sources */,
			);
			runOnlyForDeploymentPostprocessing = 0;
		};
/* End PBXSourcesBuildPhase section */

/* Begin PBXTargetDependency section */
		E408E5C228C24BF9003F8604 /* PBXTargetDependency */ = {
			isa = PBXTargetDependency;
			target = E408E5AF28C24BF6003F8604 /* StepCounter */;
			targetProxy = E408E5C128C24BF9003F8604 /* PBXContainerItemProxy */;
		};
		E408E5CC28C24BF9003F8604 /* PBXTargetDependency */ = {
			isa = PBXTargetDependency;
			target = E408E5AF28C24BF6003F8604 /* StepCounter */;
			targetProxy = E408E5CB28C24BF9003F8604 /* PBXContainerItemProxy */;
		};
/* End PBXTargetDependency section */

/* Begin XCBuildConfiguration section */
		E408E5D228C24BF9003F8604 /* Debug */ = {
			isa = XCBuildConfiguration;
			buildSettings = {
				ALWAYS_SEARCH_USER_PATHS = NO;
				CLANG_ANALYZER_NONNULL = YES;
				CLANG_ANALYZER_NUMBER_OBJECT_CONVERSION = YES_AGGRESSIVE;
				CLANG_CXX_LANGUAGE_STANDARD = "gnu++17";
				CLANG_ENABLE_MODULES = YES;
				CLANG_ENABLE_OBJC_ARC = YES;
				CLANG_ENABLE_OBJC_WEAK = YES;
				CLANG_WARN_BLOCK_CAPTURE_AUTORELEASING = YES;
				CLANG_WARN_BOOL_CONVERSION = YES;
				CLANG_WARN_COMMA = YES;
				CLANG_WARN_CONSTANT_CONVERSION = YES;
				CLANG_WARN_DEPRECATED_OBJC_IMPLEMENTATIONS = YES;
				CLANG_WARN_DIRECT_OBJC_ISA_USAGE = YES_ERROR;
				CLANG_WARN_DOCUMENTATION_COMMENTS = YES;
				CLANG_WARN_EMPTY_BODY = YES;
				CLANG_WARN_ENUM_CONVERSION = YES;
				CLANG_WARN_INFINITE_RECURSION = YES;
				CLANG_WARN_INT_CONVERSION = YES;
				CLANG_WARN_NON_LITERAL_NULL_CONVERSION = YES;
				CLANG_WARN_OBJC_IMPLICIT_RETAIN_SELF = YES;
				CLANG_WARN_OBJC_LITERAL_CONVERSION = YES;
				CLANG_WARN_OBJC_ROOT_CLASS = YES_ERROR;
				CLANG_WARN_QUOTED_INCLUDE_IN_FRAMEWORK_HEADER = YES;
				CLANG_WARN_RANGE_LOOP_ANALYSIS = YES;
				CLANG_WARN_STRICT_PROTOTYPES = YES;
				CLANG_WARN_SUSPICIOUS_MOVE = YES;
				CLANG_WARN_UNGUARDED_AVAILABILITY = YES_AGGRESSIVE;
				CLANG_WARN_UNREACHABLE_CODE = YES;
				CLANG_WARN__DUPLICATE_METHOD_MATCH = YES;
				COPY_PHASE_STRIP = NO;
				DEBUG_INFORMATION_FORMAT = dwarf;
				ENABLE_STRICT_OBJC_MSGSEND = YES;
				ENABLE_TESTABILITY = YES;
				GCC_C_LANGUAGE_STANDARD = gnu11;
				GCC_DYNAMIC_NO_PIC = NO;
				GCC_NO_COMMON_BLOCKS = YES;
				GCC_OPTIMIZATION_LEVEL = 0;
				GCC_PREPROCESSOR_DEFINITIONS = (
					"DEBUG=1",
					"$(inherited)",
				);
				GCC_WARN_64_TO_32_BIT_CONVERSION = YES;
				GCC_WARN_ABOUT_RETURN_TYPE = YES_ERROR;
				GCC_WARN_UNDECLARED_SELECTOR = YES;
				GCC_WARN_UNINITIALIZED_AUTOS = YES_AGGRESSIVE;
				GCC_WARN_UNUSED_FUNCTION = YES;
				GCC_WARN_UNUSED_VARIABLE = YES;
				IPHONEOS_DEPLOYMENT_TARGET = 15.5;
				MTL_ENABLE_DEBUG_INFO = INCLUDE_SOURCE;
				MTL_FAST_MATH = YES;
				ONLY_ACTIVE_ARCH = YES;
				SDKROOT = iphoneos;
				SWIFT_ACTIVE_COMPILATION_CONDITIONS = DEBUG;
				SWIFT_OPTIMIZATION_LEVEL = "-Onone";
			};
			name = Debug;
		};
		E408E5D328C24BF9003F8604 /* Release */ = {
			isa = XCBuildConfiguration;
			buildSettings = {
				ALWAYS_SEARCH_USER_PATHS = NO;
				CLANG_ANALYZER_NONNULL = YES;
				CLANG_ANALYZER_NUMBER_OBJECT_CONVERSION = YES_AGGRESSIVE;
				CLANG_CXX_LANGUAGE_STANDARD = "gnu++17";
				CLANG_ENABLE_MODULES = YES;
				CLANG_ENABLE_OBJC_ARC = YES;
				CLANG_ENABLE_OBJC_WEAK = YES;
				CLANG_WARN_BLOCK_CAPTURE_AUTORELEASING = YES;
				CLANG_WARN_BOOL_CONVERSION = YES;
				CLANG_WARN_COMMA = YES;
				CLANG_WARN_CONSTANT_CONVERSION = YES;
				CLANG_WARN_DEPRECATED_OBJC_IMPLEMENTATIONS = YES;
				CLANG_WARN_DIRECT_OBJC_ISA_USAGE = YES_ERROR;
				CLANG_WARN_DOCUMENTATION_COMMENTS = YES;
				CLANG_WARN_EMPTY_BODY = YES;
				CLANG_WARN_ENUM_CONVERSION = YES;
				CLANG_WARN_INFINITE_RECURSION = YES;
				CLANG_WARN_INT_CONVERSION = YES;
				CLANG_WARN_NON_LITERAL_NULL_CONVERSION = YES;
				CLANG_WARN_OBJC_IMPLICIT_RETAIN_SELF = YES;
				CLANG_WARN_OBJC_LITERAL_CONVERSION = YES;
				CLANG_WARN_OBJC_ROOT_CLASS = YES_ERROR;
				CLANG_WARN_QUOTED_INCLUDE_IN_FRAMEWORK_HEADER = YES;
				CLANG_WARN_RANGE_LOOP_ANALYSIS = YES;
				CLANG_WARN_STRICT_PROTOTYPES = YES;
				CLANG_WARN_SUSPICIOUS_MOVE = YES;
				CLANG_WARN_UNGUARDED_AVAILABILITY = YES_AGGRESSIVE;
				CLANG_WARN_UNREACHABLE_CODE = YES;
				CLANG_WARN__DUPLICATE_METHOD_MATCH = YES;
				COPY_PHASE_STRIP = NO;
				DEBUG_INFORMATION_FORMAT = "dwarf-with-dsym";
				ENABLE_NS_ASSERTIONS = NO;
				ENABLE_STRICT_OBJC_MSGSEND = YES;
				GCC_C_LANGUAGE_STANDARD = gnu11;
				GCC_NO_COMMON_BLOCKS = YES;
				GCC_WARN_64_TO_32_BIT_CONVERSION = YES;
				GCC_WARN_ABOUT_RETURN_TYPE = YES_ERROR;
				GCC_WARN_UNDECLARED_SELECTOR = YES;
				GCC_WARN_UNINITIALIZED_AUTOS = YES_AGGRESSIVE;
				GCC_WARN_UNUSED_FUNCTION = YES;
				GCC_WARN_UNUSED_VARIABLE = YES;
				IPHONEOS_DEPLOYMENT_TARGET = 15.5;
				MTL_ENABLE_DEBUG_INFO = NO;
				MTL_FAST_MATH = YES;
				SDKROOT = iphoneos;
				SWIFT_COMPILATION_MODE = wholemodule;
				SWIFT_OPTIMIZATION_LEVEL = "-O";
				VALIDATE_PRODUCT = YES;
			};
			name = Release;
		};
		E408E5D528C24BF9003F8604 /* Debug */ = {
			isa = XCBuildConfiguration;
			buildSettings = {
				ASSETCATALOG_COMPILER_APPICON_NAME = AppIcon;
				ASSETCATALOG_COMPILER_GLOBAL_ACCENT_COLOR_NAME = AccentColor;
				CODE_SIGN_STYLE = Automatic;
				CURRENT_PROJECT_VERSION = 1;
				DEVELOPMENT_ASSET_PATHS = "\"StepCounter/Preview Content\"";
				DEVELOPMENT_TEAM = NM2TH4ANWJ;
				ENABLE_PREVIEWS = YES;
				GENERATE_INFOPLIST_FILE = YES;
				INFOPLIST_KEY_UIApplicationSceneManifest_Generation = YES;
				INFOPLIST_KEY_UIApplicationSupportsIndirectInputEvents = YES;
				INFOPLIST_KEY_UILaunchScreen_Generation = YES;
				INFOPLIST_KEY_UISupportedInterfaceOrientations_iPad = "UIInterfaceOrientationPortrait UIInterfaceOrientationPortraitUpsideDown UIInterfaceOrientationLandscapeLeft UIInterfaceOrientationLandscapeRight";
				INFOPLIST_KEY_UISupportedInterfaceOrientations_iPhone = "UIInterfaceOrientationPortrait UIInterfaceOrientationLandscapeLeft UIInterfaceOrientationLandscapeRight";
				LD_RUNPATH_SEARCH_PATHS = (
					"$(inherited)",
					"@executable_path/Frameworks",
				);
				MARKETING_VERSION = 1.0;
				PRODUCT_BUNDLE_IDENTIFIER = com.labrie.StepCounter;
				PRODUCT_NAME = "$(TARGET_NAME)";
				SWIFT_EMIT_LOC_STRINGS = YES;
				SWIFT_VERSION = 5.0;
				TARGETED_DEVICE_FAMILY = "1,2";
			};
			name = Debug;
		};
		E408E5D628C24BF9003F8604 /* Release */ = {
			isa = XCBuildConfiguration;
			buildSettings = {
				ASSETCATALOG_COMPILER_APPICON_NAME = AppIcon;
				ASSETCATALOG_COMPILER_GLOBAL_ACCENT_COLOR_NAME = AccentColor;
				CODE_SIGN_STYLE = Automatic;
				CURRENT_PROJECT_VERSION = 1;
				DEVELOPMENT_ASSET_PATHS = "\"StepCounter/Preview Content\"";
				DEVELOPMENT_TEAM = NM2TH4ANWJ;
				ENABLE_PREVIEWS = YES;
				GENERATE_INFOPLIST_FILE = YES;
				INFOPLIST_KEY_UIApplicationSceneManifest_Generation = YES;
				INFOPLIST_KEY_UIApplicationSupportsIndirectInputEvents = YES;
				INFOPLIST_KEY_UILaunchScreen_Generation = YES;
				INFOPLIST_KEY_UISupportedInterfaceOrientations_iPad = "UIInterfaceOrientationPortrait UIInterfaceOrientationPortraitUpsideDown UIInterfaceOrientationLandscapeLeft UIInterfaceOrientationLandscapeRight";
				INFOPLIST_KEY_UISupportedInterfaceOrientations_iPhone = "UIInterfaceOrientationPortrait UIInterfaceOrientationLandscapeLeft UIInterfaceOrientationLandscapeRight";
				LD_RUNPATH_SEARCH_PATHS = (
					"$(inherited)",
					"@executable_path/Frameworks",
				);
				MARKETING_VERSION = 1.0;
				PRODUCT_BUNDLE_IDENTIFIER = com.labrie.StepCounter;
				PRODUCT_NAME = "$(TARGET_NAME)";
				SWIFT_EMIT_LOC_STRINGS = YES;
				SWIFT_VERSION = 5.0;
				TARGETED_DEVICE_FAMILY = "1,2";
			};
			name = Release;
		};
		E408E5D828C24BF9003F8604 /* Debug */ = {
			isa = XCBuildConfiguration;
			buildSettings = {
				ALWAYS_EMBED_SWIFT_STANDARD_LIBRARIES = YES;
				BUNDLE_LOADER = "$(TEST_HOST)";
				CODE_SIGN_STYLE = Automatic;
				CURRENT_PROJECT_VERSION = 1;
				DEVELOPMENT_TEAM = NM2TH4ANWJ;
				GENERATE_INFOPLIST_FILE = YES;
				IPHONEOS_DEPLOYMENT_TARGET = 15.5;
				MARKETING_VERSION = 1.0;
				PRODUCT_BUNDLE_IDENTIFIER = com.labrie.StepCounterTests;
				PRODUCT_NAME = "$(TARGET_NAME)";
				SWIFT_EMIT_LOC_STRINGS = NO;
				SWIFT_VERSION = 5.0;
				TARGETED_DEVICE_FAMILY = "1,2";
				TEST_HOST = "$(BUILT_PRODUCTS_DIR)/StepCounter.app/StepCounter";
			};
			name = Debug;
		};
		E408E5D928C24BF9003F8604 /* Release */ = {
			isa = XCBuildConfiguration;
			buildSettings = {
				ALWAYS_EMBED_SWIFT_STANDARD_LIBRARIES = YES;
				BUNDLE_LOADER = "$(TEST_HOST)";
				CODE_SIGN_STYLE = Automatic;
				CURRENT_PROJECT_VERSION = 1;
				DEVELOPMENT_TEAM = NM2TH4ANWJ;
				GENERATE_INFOPLIST_FILE = YES;
				IPHONEOS_DEPLOYMENT_TARGET = 15.5;
				MARKETING_VERSION = 1.0;
				PRODUCT_BUNDLE_IDENTIFIER = com.labrie.StepCounterTests;
				PRODUCT_NAME = "$(TARGET_NAME)";
				SWIFT_EMIT_LOC_STRINGS = NO;
				SWIFT_VERSION = 5.0;
				TARGETED_DEVICE_FAMILY = "1,2";
				TEST_HOST = "$(BUILT_PRODUCTS_DIR)/StepCounter.app/StepCounter";
			};
			name = Release;
		};
		E408E5DB28C24BF9003F8604 /* Debug */ = {
			isa = XCBuildConfiguration;
			buildSettings = {
				ALWAYS_EMBED_SWIFT_STANDARD_LIBRARIES = YES;
				CODE_SIGN_STYLE = Automatic;
				CURRENT_PROJECT_VERSION = 1;
				DEVELOPMENT_TEAM = NM2TH4ANWJ;
				GENERATE_INFOPLIST_FILE = YES;
				MARKETING_VERSION = 1.0;
				PRODUCT_BUNDLE_IDENTIFIER = com.labrie.StepCounterUITests;
				PRODUCT_NAME = "$(TARGET_NAME)";
				SWIFT_EMIT_LOC_STRINGS = NO;
				SWIFT_VERSION = 5.0;
				TARGETED_DEVICE_FAMILY = "1,2";
				TEST_TARGET_NAME = StepCounter;
			};
			name = Debug;
		};
		E408E5DC28C24BF9003F8604 /* Release */ = {
			isa = XCBuildConfiguration;
			buildSettings = {
				ALWAYS_EMBED_SWIFT_STANDARD_LIBRARIES = YES;
				CODE_SIGN_STYLE = Automatic;
				CURRENT_PROJECT_VERSION = 1;
				DEVELOPMENT_TEAM = NM2TH4ANWJ;
				GENERATE_INFOPLIST_FILE = YES;
				MARKETING_VERSION = 1.0;
				PRODUCT_BUNDLE_IDENTIFIER = com.labrie.StepCounterUITests;
				PRODUCT_NAME = "$(TARGET_NAME)";
				SWIFT_EMIT_LOC_STRINGS = NO;
				SWIFT_VERSION = 5.0;
				TARGETED_DEVICE_FAMILY = "1,2";
				TEST_TARGET_NAME = StepCounter;
			};
			name = Release;
		};
/* End XCBuildConfiguration section */

/* Begin XCConfigurationList section */
		E408E5AB28C24BF6003F8604 /* Build configuration list for PBXProject "StepCounter" */ = {
			isa = XCConfigurationList;
			buildConfigurations = (
				E408E5D228C24BF9003F8604 /* Debug */,
				E408E5D328C24BF9003F8604 /* Release */,
			);
			defaultConfigurationIsVisible = 0;
			defaultConfigurationName = Release;
		};
		E408E5D428C24BF9003F8604 /* Build configuration list for PBXNativeTarget "StepCounter" */ = {
			isa = XCConfigurationList;
			buildConfigurations = (
				E408E5D528C24BF9003F8604 /* Debug */,
				E408E5D628C24BF9003F8604 /* Release */,
			);
			defaultConfigurationIsVisible = 0;
			defaultConfigurationName = Release;
		};
		E408E5D728C24BF9003F8604 /* Build configuration list for PBXNativeTarget "StepCounterTests" */ = {
			isa = XCConfigurationList;
			buildConfigurations = (
				E408E5D828C24BF9003F8604 /* Debug */,
				E408E5D928C24BF9003F8604 /* Release */,
			);
			defaultConfigurationIsVisible = 0;
			defaultConfigurationName = Release;
		};
		E408E5DA28C24BF9003F8604 /* Build configuration list for PBXNativeTarget "StepCounterUITests" */ = {
			isa = XCConfigurationList;
			buildConfigurations = (
				E408E5DB28C24BF9003F8604 /* Debug */,
				E408E5DC28C24BF9003F8604 /* Release */,
			);
			defaultConfigurationIsVisible = 0;
			defaultConfigurationName = Release;
		};
/* End XCConfigurationList section */
	};
	rootObject = E408E5A828C24BF6003F8604 /* Project object */;
}
